
Microsoft Visual Studio Solution File, Format Version 12.00
# Visual Studio Version 17
VisualStudioVersion = 17.14.36603.0 d17.14
MinimumVisualStudioVersion = 10.0.40219.1
Project("{FAE04EC0-301F-11D3-BF4B-00C04F79EFBC}") = "DirectoryService.Web", "DirectoryService.Web\DirectoryService.Web.csproj", "{863C90E8-5A12-434D-B2F3-9A6FCC369043}"
EndProject
Global
	GlobalSection(SolutionConfigurationPlatforms) = preSolution
		Debug|Any CPU = Debug|Any CPU
		Release|Any CPU = Release|Any CPU
	EndGlobalSection
	GlobalSection(ProjectConfigurationPlatforms) = postSolution
		{863C90E8-5A12-434D-B2F3-9A6FCC369043}.Debug|Any CPU.ActiveCfg = Debug|Any CPU
		{863C90E8-5A12-434D-B2F3-9A6FCC369043}.Debug|Any CPU.Build.0 = Debug|Any CPU
		{863C90E8-5A12-434D-B2F3-9A6FCC369043}.Release|Any CPU.ActiveCfg = Release|Any CPU
		{863C90E8-5A12-434D-B2F3-9A6FCC369043}.Release|Any CPU.Build.0 = Release|Any CPU
	EndGlobalSection
	GlobalSection(SolutionProperties) = preSolution
		HideSolutionNode = FALSE
	EndGlobalSection
	GlobalSection(ExtensibilityGlobals) = postSolution
		SolutionGuid = {15167972-F6D9-4272-A845-8256E5F8FF7C}
	EndGlobalSection
EndGlobal
